
Microsoft Visual Studio Solution File, Format Version 12.00
# Visual Studio Version 17
VisualStudioVersion = 17.4.33403.182
MinimumVisualStudioVersion = 10.0.40219.1
Project("{9A19103F-16F7-4668-BE54-9A1E7A4F7556}") = "ProductsWebAPI", "ProductsWebAPI\ProductsWebAPI.csproj", "{129A865B-E466-4114-983B-EAC5FE6EF1AA}"
EndProject
Global
	GlobalSection(SolutionConfigurationPlatforms) = preSolution
		Debug|Any CPU = Debug|Any CPU
		Release|Any CPU = Release|Any CPU
	EndGlobalSection
	GlobalSection(ProjectConfigurationPlatforms) = postSolution
		{129A865B-E466-4114-983B-EAC5FE6EF1AA}.Debug|Any CPU.ActiveCfg = Debug|Any CPU
		{129A865B-E466-4114-983B-EAC5FE6EF1AA}.Debug|Any CPU.Build.0 = Debug|Any CPU
		{129A865B-E466-4114-983B-EAC5FE6EF1AA}.Release|Any CPU.ActiveCfg = Release|Any CPU
		{129A865B-E466-4114-983B-EAC5FE6EF1AA}.Release|Any CPU.Build.0 = Release|Any CPU
	EndGlobalSection
	GlobalSection(SolutionProperties) = preSolution
		HideSolutionNode = FALSE
	EndGlobalSection
	GlobalSection(ExtensibilityGlobals) = postSolution
		SolutionGuid = {8459C759-ABB3-4F55-9525-5B39F6EDCEBD}
	EndGlobalSection
EndGlobal
